// !$*UTF8*$!
{
	archiveVersion = 1;
	classes = {
	};
	objectVersion = 46;
	objects = {

/* Begin PBXBuildFile section */
		8F1368DE1B961EE6002BD3A3 /* AppDelegate.swift in Sources */ = {isa = PBXBuildFile; fileRef = 8F1368DD1B961EE6002BD3A3 /* AppDelegate.swift */; };
		8F1368E01B961EE6002BD3A3 /* RouteListTableViewController.swift in Sources */ = {isa = PBXBuildFile; fileRef = 8F1368DF1B961EE6002BD3A3 /* RouteListTableViewController.swift */; };
		8F1368E31B961EE6002BD3A3 /* Main.storyboard in Resources */ = {isa = PBXBuildFile; fileRef = 8F1368E11B961EE6002BD3A3 /* Main.storyboard */; };
		8F1368E51B961EE6002BD3A3 /* Images.xcassets in Resources */ = {isa = PBXBuildFile; fileRef = 8F1368E41B961EE6002BD3A3 /* Images.xcassets */; };
		8F1368E81B961EE6002BD3A3 /* LaunchScreen.xib in Resources */ = {isa = PBXBuildFile; fileRef = 8F1368E61B961EE6002BD3A3 /* LaunchScreen.xib */; };
		8F1368F41B961EE6002BD3A3 /* MarshrutkaTests.swift in Sources */ = {isa = PBXBuildFile; fileRef = 8F1368F31B961EE6002BD3A3 /* MarshrutkaTests.swift */; };
		8F1369011B96C9B1002BD3A3 /* RouteDoubleCell.swift in Sources */ = {isa = PBXBuildFile; fileRef = 8F1368FF1B96C9B1002BD3A3 /* RouteDoubleCell.swift */; };
		8F1369021B96C9B1002BD3A3 /* RouteDoubleCell.xib in Resources */ = {isa = PBXBuildFile; fileRef = 8F1369001B96C9B1002BD3A3 /* RouteDoubleCell.xib */; };
		8F1369091B9725A4002BD3A3 /* RouteTripleCell.swift in Sources */ = {isa = PBXBuildFile; fileRef = 8F1369071B9725A4002BD3A3 /* RouteTripleCell.swift */; };
		8F13690A1B9725A4002BD3A3 /* RouteTripleCell.xib in Resources */ = {isa = PBXBuildFile; fileRef = 8F1369081B9725A4002BD3A3 /* RouteTripleCell.xib */; };
		8F13690D1B997D95002BD3A3 /* RouteQuadCell.swift in Sources */ = {isa = PBXBuildFile; fileRef = 8F13690B1B997D95002BD3A3 /* RouteQuadCell.swift */; };
		8F13690E1B997D95002BD3A3 /* RouteQuadCell.xib in Resources */ = {isa = PBXBuildFile; fileRef = 8F13690C1B997D95002BD3A3 /* RouteQuadCell.xib */; };
		8F1369501B9C16B2002BD3A3 /* destinations.csv in Resources */ = {isa = PBXBuildFile; fileRef = 8F13694C1B9C16B2002BD3A3 /* destinations.csv */; };
		8F1369511B9C16B2002BD3A3 /* reachabledestinations.csv in Resources */ = {isa = PBXBuildFile; fileRef = 8F13694D1B9C16B2002BD3A3 /* reachabledestinations.csv */; };
		8F1369521B9C16B2002BD3A3 /* reverseroutes.csv in Resources */ = {isa = PBXBuildFile; fileRef = 8F13694E1B9C16B2002BD3A3 /* reverseroutes.csv */; };
		8F1369531B9C16B2002BD3A3 /* routes.csv in Resources */ = {isa = PBXBuildFile; fileRef = 8F13694F1B9C16B2002BD3A3 /* routes.csv */; };
		8F1369551B9C1AFA002BD3A3 /* ReachableDestinations.swift in Sources */ = {isa = PBXBuildFile; fileRef = 8F1369541B9C1AFA002BD3A3 /* ReachableDestinations.swift */; };
		8F1369571B9C1AFB002BD3A3 /* ReverseRoutes.swift in Sources */ = {isa = PBXBuildFile; fileRef = 8F1369561B9C1AFB002BD3A3 /* ReverseRoutes.swift */; };
		8F1369591B9C1AFB002BD3A3 /* Route.swift in Sources */ = {isa = PBXBuildFile; fileRef = 8F1369581B9C1AFB002BD3A3 /* Route.swift */; };
		8F13695B1B9C1AFB002BD3A3 /* Destination.swift in Sources */ = {isa = PBXBuildFile; fileRef = 8F13695A1B9C1AFB002BD3A3 /* Destination.swift */; };
		8F13695D1B9C1F3F002BD3A3 /* DataLoader.swift in Sources */ = {isa = PBXBuildFile; fileRef = 8F13695C1B9C1F3F002BD3A3 /* DataLoader.swift */; };
/* End PBXBuildFile section */

/* Begin PBXContainerItemProxy section */
		8F1368EE1B961EE6002BD3A3 /* PBXContainerItemProxy */ = {
			isa = PBXContainerItemProxy;
			containerPortal = 8F1368D01B961EE6002BD3A3 /* Project object */;
			proxyType = 1;
			remoteGlobalIDString = 8F1368D71B961EE6002BD3A3;
			remoteInfo = Marshrutka;
		};
/* End PBXContainerItemProxy section */

/* Begin PBXFileReference section */
		8F1368D81B961EE6002BD3A3 /* Marshrutka.app */ = {isa = PBXFileReference; explicitFileType = wrapper.application; includeInIndex = 0; path = Marshrutka.app; sourceTree = BUILT_PRODUCTS_DIR; };
		8F1368DC1B961EE6002BD3A3 /* Info.plist */ = {isa = PBXFileReference; lastKnownFileType = text.plist.xml; path = Info.plist; sourceTree = "<group>"; };
		8F1368DD1B961EE6002BD3A3 /* AppDelegate.swift */ = {isa = PBXFileReference; lastKnownFileType = sourcecode.swift; path = AppDelegate.swift; sourceTree = "<group>"; };
		8F1368DF1B961EE6002BD3A3 /* RouteListTableViewController.swift */ = {isa = PBXFileReference; lastKnownFileType = sourcecode.swift; path = RouteListTableViewController.swift; sourceTree = "<group>"; };
		8F1368E21B961EE6002BD3A3 /* Base */ = {isa = PBXFileReference; lastKnownFileType = file.storyboard; name = Base; path = Base.lproj/Main.storyboard; sourceTree = "<group>"; };
		8F1368E41B961EE6002BD3A3 /* Images.xcassets */ = {isa = PBXFileReference; lastKnownFileType = folder.assetcatalog; path = Images.xcassets; sourceTree = "<group>"; };
		8F1368E71B961EE6002BD3A3 /* Base */ = {isa = PBXFileReference; lastKnownFileType = file.xib; name = Base; path = Base.lproj/LaunchScreen.xib; sourceTree = "<group>"; };
		8F1368ED1B961EE6002BD3A3 /* MarshrutkaTests.xctest */ = {isa = PBXFileReference; explicitFileType = wrapper.cfbundle; includeInIndex = 0; path = MarshrutkaTests.xctest; sourceTree = BUILT_PRODUCTS_DIR; };
		8F1368F21B961EE6002BD3A3 /* Info.plist */ = {isa = PBXFileReference; lastKnownFileType = text.plist.xml; path = Info.plist; sourceTree = "<group>"; };
		8F1368F31B961EE6002BD3A3 /* MarshrutkaTests.swift */ = {isa = PBXFileReference; lastKnownFileType = sourcecode.swift; path = MarshrutkaTests.swift; sourceTree = "<group>"; };
		8F1368FF1B96C9B1002BD3A3 /* RouteDoubleCell.swift */ = {isa = PBXFileReference; fileEncoding = 4; lastKnownFileType = sourcecode.swift; name = RouteDoubleCell.swift; path = uicells/RouteDoubleCell.swift; sourceTree = "<group>"; };
		8F1369001B96C9B1002BD3A3 /* RouteDoubleCell.xib */ = {isa = PBXFileReference; fileEncoding = 4; lastKnownFileType = file.xib; name = RouteDoubleCell.xib; path = uicells/RouteDoubleCell.xib; sourceTree = "<group>"; };
		8F1369071B9725A4002BD3A3 /* RouteTripleCell.swift */ = {isa = PBXFileReference; fileEncoding = 4; lastKnownFileType = sourcecode.swift; name = RouteTripleCell.swift; path = uicells/RouteTripleCell.swift; sourceTree = "<group>"; };
		8F1369081B9725A4002BD3A3 /* RouteTripleCell.xib */ = {isa = PBXFileReference; fileEncoding = 4; lastKnownFileType = file.xib; name = RouteTripleCell.xib; path = uicells/RouteTripleCell.xib; sourceTree = "<group>"; };
		8F13690B1B997D95002BD3A3 /* RouteQuadCell.swift */ = {isa = PBXFileReference; fileEncoding = 4; lastKnownFileType = sourcecode.swift; name = RouteQuadCell.swift; path = uicells/RouteQuadCell.swift; sourceTree = "<group>"; };
		8F13690C1B997D95002BD3A3 /* RouteQuadCell.xib */ = {isa = PBXFileReference; fileEncoding = 4; lastKnownFileType = file.xib; name = RouteQuadCell.xib; path = uicells/RouteQuadCell.xib; sourceTree = "<group>"; };
		8F13694C1B9C16B2002BD3A3 /* destinations.csv */ = {isa = PBXFileReference; fileEncoding = 4; lastKnownFileType = text; path = destinations.csv; sourceTree = "<group>"; };
		8F13694D1B9C16B2002BD3A3 /* reachabledestinations.csv */ = {isa = PBXFileReference; fileEncoding = 4; lastKnownFileType = text; path = reachabledestinations.csv; sourceTree = "<group>"; };
		8F13694E1B9C16B2002BD3A3 /* reverseroutes.csv */ = {isa = PBXFileReference; fileEncoding = 4; lastKnownFileType = text; path = reverseroutes.csv; sourceTree = "<group>"; };
		8F13694F1B9C16B2002BD3A3 /* routes.csv */ = {isa = PBXFileReference; fileEncoding = 4; lastKnownFileType = text; path = routes.csv; sourceTree = "<group>"; };
		8F1369541B9C1AFA002BD3A3 /* ReachableDestinations.swift */ = {isa = PBXFileReference; fileEncoding = 4; lastKnownFileType = sourcecode.swift; name = ReachableDestinations.swift; path = data/ReachableDestinations.swift; sourceTree = "<group>"; };
		8F1369561B9C1AFB002BD3A3 /* ReverseRoutes.swift */ = {isa = PBXFileReference; fileEncoding = 4; lastKnownFileType = sourcecode.swift; name = ReverseRoutes.swift; path = data/ReverseRoutes.swift; sourceTree = "<group>"; };
		8F1369581B9C1AFB002BD3A3 /* Route.swift */ = {isa = PBXFileReference; fileEncoding = 4; lastKnownFileType = sourcecode.swift; name = Route.swift; path = data/Route.swift; sourceTree = "<group>"; };
		8F13695A1B9C1AFB002BD3A3 /* Destination.swift */ = {isa = PBXFileReference; fileEncoding = 4; lastKnownFileType = sourcecode.swift; name = Destination.swift; path = data/Destination.swift; sourceTree = "<group>"; };
		8F13695C1B9C1F3F002BD3A3 /* DataLoader.swift */ = {isa = PBXFileReference; fileEncoding = 4; lastKnownFileType = sourcecode.swift; path = DataLoader.swift; sourceTree = "<group>"; };
/* End PBXFileReference section */

/* Begin PBXFrameworksBuildPhase section */
		8F1368D51B961EE6002BD3A3 /* Frameworks */ = {
			isa = PBXFrameworksBuildPhase;
			buildActionMask = 2147483647;
			files = (
			);
			runOnlyForDeploymentPostprocessing = 0;
		};
		8F1368EA1B961EE6002BD3A3 /* Frameworks */ = {
			isa = PBXFrameworksBuildPhase;
			buildActionMask = 2147483647;
			files = (
			);
			runOnlyForDeploymentPostprocessing = 0;
		};
/* End PBXFrameworksBuildPhase section */

/* Begin PBXGroup section */
		8F1368CF1B961EE6002BD3A3 = {
			isa = PBXGroup;
			children = (
				8F1368DA1B961EE6002BD3A3 /* Marshrutka */,
				8F1368F01B961EE6002BD3A3 /* MarshrutkaTests */,
				8F1368D91B961EE6002BD3A3 /* Products */,
			);
			sourceTree = "<group>";
		};
		8F1368D91B961EE6002BD3A3 /* Products */ = {
			isa = PBXGroup;
			children = (
				8F1368D81B961EE6002BD3A3 /* Marshrutka.app */,
				8F1368ED1B961EE6002BD3A3 /* MarshrutkaTests.xctest */,
			);
			name = Products;
			sourceTree = "<group>";
		};
		8F1368DA1B961EE6002BD3A3 /* Marshrutka */ = {
			isa = PBXGroup;
			children = (
				8F13695A1B9C1AFB002BD3A3 /* Destination.swift */,
				8F1369581B9C1AFB002BD3A3 /* Route.swift */,
				8F1369561B9C1AFB002BD3A3 /* ReverseRoutes.swift */,
				8F1369541B9C1AFA002BD3A3 /* ReachableDestinations.swift */,
				8F13694B1B9C16B2002BD3A3 /* data_source */,
				8F1368DD1B961EE6002BD3A3 /* AppDelegate.swift */,
				8F1368DF1B961EE6002BD3A3 /* RouteListTableViewController.swift */,
				8F1368E11B961EE6002BD3A3 /* Main.storyboard */,
				8F1368E41B961EE6002BD3A3 /* Images.xcassets */,
				8F1368E61B961EE6002BD3A3 /* LaunchScreen.xib */,
				8F1368FF1B96C9B1002BD3A3 /* RouteDoubleCell.swift */,
				8F1369001B96C9B1002BD3A3 /* RouteDoubleCell.xib */,
				8F1368DB1B961EE6002BD3A3 /* Supporting Files */,
				8F1369071B9725A4002BD3A3 /* RouteTripleCell.swift */,
				8F1369081B9725A4002BD3A3 /* RouteTripleCell.xib */,
				8F13690B1B997D95002BD3A3 /* RouteQuadCell.swift */,
				8F13690C1B997D95002BD3A3 /* RouteQuadCell.xib */,
				8F13695C1B9C1F3F002BD3A3 /* DataLoader.swift */,
			);
			path = Marshrutka;
			sourceTree = "<group>";
		};
		8F1368DB1B961EE6002BD3A3 /* Supporting Files */ = {
			isa = PBXGroup;
			children = (
				8F1368DC1B961EE6002BD3A3 /* Info.plist */,
			);
			name = "Supporting Files";
			sourceTree = "<group>";
		};
		8F1368F01B961EE6002BD3A3 /* MarshrutkaTests */ = {
			isa = PBXGroup;
			children = (
				8F1368F31B961EE6002BD3A3 /* MarshrutkaTests.swift */,
				8F1368F11B961EE6002BD3A3 /* Supporting Files */,
			);
			path = MarshrutkaTests;
			sourceTree = "<group>";
		};
		8F1368F11B961EE6002BD3A3 /* Supporting Files */ = {
			isa = PBXGroup;
			children = (
				8F1368F21B961EE6002BD3A3 /* Info.plist */,
			);
			name = "Supporting Files";
			sourceTree = "<group>";
		};
		8F13694B1B9C16B2002BD3A3 /* data_source */ = {
			isa = PBXGroup;
			children = (
				8F13694C1B9C16B2002BD3A3 /* destinations.csv */,
				8F13694D1B9C16B2002BD3A3 /* reachabledestinations.csv */,
				8F13694E1B9C16B2002BD3A3 /* reverseroutes.csv */,
				8F13694F1B9C16B2002BD3A3 /* routes.csv */,
			);
			name = data_source;
			path = ios_data_model;
			sourceTree = "<group>";
		};
/* End PBXGroup section */

/* Begin PBXNativeTarget section */
		8F1368D71B961EE6002BD3A3 /* Marshrutka */ = {
			isa = PBXNativeTarget;
			buildConfigurationList = 8F1368F71B961EE6002BD3A3 /* Build configuration list for PBXNativeTarget "Marshrutka" */;
			buildPhases = (
				8F1368D41B961EE6002BD3A3 /* Sources */,
				8F1368D51B961EE6002BD3A3 /* Frameworks */,
				8F1368D61B961EE6002BD3A3 /* Resources */,
			);
			buildRules = (
			);
			dependencies = (
			);
			name = Marshrutka;
			productName = Marshrutka;
			productReference = 8F1368D81B961EE6002BD3A3 /* Marshrutka.app */;
			productType = "com.apple.product-type.application";
		};
		8F1368EC1B961EE6002BD3A3 /* MarshrutkaTests */ = {
			isa = PBXNativeTarget;
			buildConfigurationList = 8F1368FA1B961EE6002BD3A3 /* Build configuration list for PBXNativeTarget "MarshrutkaTests" */;
			buildPhases = (
				8F1368E91B961EE6002BD3A3 /* Sources */,
				8F1368EA1B961EE6002BD3A3 /* Frameworks */,
				8F1368EB1B961EE6002BD3A3 /* Resources */,
			);
			buildRules = (
			);
			dependencies = (
				8F1368EF1B961EE6002BD3A3 /* PBXTargetDependency */,
			);
			name = MarshrutkaTests;
			productName = MarshrutkaTests;
			productReference = 8F1368ED1B961EE6002BD3A3 /* MarshrutkaTests.xctest */;
			productType = "com.apple.product-type.bundle.unit-test";
		};
/* End PBXNativeTarget section */

/* Begin PBXProject section */
		8F1368D01B961EE6002BD3A3 /* Project object */ = {
			isa = PBXProject;
			attributes = {
				LastUpgradeCheck = 0640;
				ORGANIZATIONNAME = "Shagala Lab";
				TargetAttributes = {
					8F1368D71B961EE6002BD3A3 = {
						CreatedOnToolsVersion = 6.4;
					};
					8F1368EC1B961EE6002BD3A3 = {
						CreatedOnToolsVersion = 6.4;
						TestTargetID = 8F1368D71B961EE6002BD3A3;
					};
				};
			};
			buildConfigurationList = 8F1368D31B961EE6002BD3A3 /* Build configuration list for PBXProject "Marshrutka" */;
			compatibilityVersion = "Xcode 3.2";
			developmentRegion = English;
			hasScannedForEncodings = 0;
			knownRegions = (
				en,
				Base,
			);
			mainGroup = 8F1368CF1B961EE6002BD3A3;
			productRefGroup = 8F1368D91B961EE6002BD3A3 /* Products */;
			projectDirPath = "";
			projectRoot = "";
			targets = (
				8F1368D71B961EE6002BD3A3 /* Marshrutka */,
				8F1368EC1B961EE6002BD3A3 /* MarshrutkaTests */,
			);
		};
/* End PBXProject section */

/* Begin PBXResourcesBuildPhase section */
		8F1368D61B961EE6002BD3A3 /* Resources */ = {
			isa = PBXResourcesBuildPhase;
			buildActionMask = 2147483647;
			files = (
				8F1369531B9C16B2002BD3A3 /* routes.csv in Resources */,
				8F1368E31B961EE6002BD3A3 /* Main.storyboard in Resources */,
				8F1369501B9C16B2002BD3A3 /* destinations.csv in Resources */,
				8F13690A1B9725A4002BD3A3 /* RouteTripleCell.xib in Resources */,
				8F13690E1B997D95002BD3A3 /* RouteQuadCell.xib in Resources */,
				8F1368E81B961EE6002BD3A3 /* LaunchScreen.xib in Resources */,
				8F1369021B96C9B1002BD3A3 /* RouteDoubleCell.xib in Resources */,
				8F1369521B9C16B2002BD3A3 /* reverseroutes.csv in Resources */,
				8F1368E51B961EE6002BD3A3 /* Images.xcassets in Resources */,
				8F1369511B9C16B2002BD3A3 /* reachabledestinations.csv in Resources */,
			);
			runOnlyForDeploymentPostprocessing = 0;
		};
		8F1368EB1B961EE6002BD3A3 /* Resources */ = {
			isa = PBXResourcesBuildPhase;
			buildActionMask = 2147483647;
			files = (
			);
			runOnlyForDeploymentPostprocessing = 0;
		};
/* End PBXResourcesBuildPhase section */

/* Begin PBXSourcesBuildPhase section */
		8F1368D41B961EE6002BD3A3 /* Sources */ = {
			isa = PBXSourcesBuildPhase;
			buildActionMask = 2147483647;
			files = (
				8F1369011B96C9B1002BD3A3 /* RouteDoubleCell.swift in Sources */,
				8F1369551B9C1AFA002BD3A3 /* ReachableDestinations.swift in Sources */,
				8F1368E01B961EE6002BD3A3 /* RouteListTableViewController.swift in Sources */,
				8F1369571B9C1AFB002BD3A3 /* ReverseRoutes.swift in Sources */,
				8F1369091B9725A4002BD3A3 /* RouteTripleCell.swift in Sources */,
				8F13690D1B997D95002BD3A3 /* RouteQuadCell.swift in Sources */,
				8F1369591B9C1AFB002BD3A3 /* Route.swift in Sources */,
				8F13695D1B9C1F3F002BD3A3 /* DataLoader.swift in Sources */,
				8F1368DE1B961EE6002BD3A3 /* AppDelegate.swift in Sources */,
				8F13695B1B9C1AFB002BD3A3 /* Destination.swift in Sources */,
			);
			runOnlyForDeploymentPostprocessing = 0;
		};
		8F1368E91B961EE6002BD3A3 /* Sources */ = {
			isa = PBXSourcesBuildPhase;
			buildActionMask = 2147483647;
			files = (
				8F1368F41B961EE6002BD3A3 /* MarshrutkaTests.swift in Sources */,
			);
			runOnlyForDeploymentPostprocessing = 0;
		};
/* End PBXSourcesBuildPhase section */

/* Begin PBXTargetDependency section */
		8F1368EF1B961EE6002BD3A3 /* PBXTargetDependency */ = {
			isa = PBXTargetDependency;
			target = 8F1368D71B961EE6002BD3A3 /* Marshrutka */;
			targetProxy = 8F1368EE1B961EE6002BD3A3 /* PBXContainerItemProxy */;
		};
/* End PBXTargetDependency section */

/* Begin PBXVariantGroup section */
		8F1368E11B961EE6002BD3A3 /* Main.storyboard */ = {
			isa = PBXVariantGroup;
			children = (
				8F1368E21B961EE6002BD3A3 /* Base */,
			);
			name = Main.storyboard;
			sourceTree = "<group>";
		};
		8F1368E61B961EE6002BD3A3 /* LaunchScreen.xib */ = {
			isa = PBXVariantGroup;
			children = (
				8F1368E71B961EE6002BD3A3 /* Base */,
			);
			name = LaunchScreen.xib;
			sourceTree = "<group>";
		};
/* End PBXVariantGroup section */

/* Begin XCBuildConfiguration section */
		8F1368F51B961EE6002BD3A3 /* Debug */ = {
			isa = XCBuildConfiguration;
			buildSettings = {
				ALWAYS_SEARCH_USER_PATHS = NO;
				CLANG_CXX_LANGUAGE_STANDARD = "gnu++0x";
				CLANG_CXX_LIBRARY = "libc++";
				CLANG_ENABLE_MODULES = YES;
				CLANG_ENABLE_OBJC_ARC = YES;
				CLANG_WARN_BOOL_CONVERSION = YES;
				CLANG_WARN_CONSTANT_CONVERSION = YES;
				CLANG_WARN_DIRECT_OBJC_ISA_USAGE = YES_ERROR;
				CLANG_WARN_EMPTY_BODY = YES;
				CLANG_WARN_ENUM_CONVERSION = YES;
				CLANG_WARN_INT_CONVERSION = YES;
				CLANG_WARN_OBJC_ROOT_CLASS = YES_ERROR;
				CLANG_WARN_UNREACHABLE_CODE = YES;
				CLANG_WARN__DUPLICATE_METHOD_MATCH = YES;
				"CODE_SIGN_IDENTITY[sdk=iphoneos*]" = "iPhone Developer";
				COPY_PHASE_STRIP = NO;
				DEBUG_INFORMATION_FORMAT = "dwarf-with-dsym";
				ENABLE_STRICT_OBJC_MSGSEND = YES;
				GCC_C_LANGUAGE_STANDARD = gnu99;
				GCC_DYNAMIC_NO_PIC = NO;
				GCC_NO_COMMON_BLOCKS = YES;
				GCC_OPTIMIZATION_LEVEL = 0;
				GCC_PREPROCESSOR_DEFINITIONS = (
					"DEBUG=1",
					"$(inherited)",
				);
				GCC_SYMBOLS_PRIVATE_EXTERN = NO;
				GCC_WARN_64_TO_32_BIT_CONVERSION = YES;
				GCC_WARN_ABOUT_RETURN_TYPE = YES_ERROR;
				GCC_WARN_UNDECLARED_SELECTOR = YES;
				GCC_WARN_UNINITIALIZED_AUTOS = YES_AGGRESSIVE;
				GCC_WARN_UNUSED_FUNCTION = YES;
				GCC_WARN_UNUSED_VARIABLE = YES;
				IPHONEOS_DEPLOYMENT_TARGET = 8.4;
				MTL_ENABLE_DEBUG_INFO = YES;
				ONLY_ACTIVE_ARCH = YES;
				SDKROOT = iphoneos;
				SWIFT_OPTIMIZATION_LEVEL = "-Onone";
				TARGETED_DEVICE_FAMILY = "1,2";
			};
			name = Debug;
		};
		8F1368F61B961EE6002BD3A3 /* Release */ = {
			isa = XCBuildConfiguration;
			buildSettings = {
				ALWAYS_SEARCH_USER_PATHS = NO;
				CLANG_CXX_LANGUAGE_STANDARD = "gnu++0x";
				CLANG_CXX_LIBRARY = "libc++";
				CLANG_ENABLE_MODULES = YES;
				CLANG_ENABLE_OBJC_ARC = YES;
				CLANG_WARN_BOOL_CONVERSION = YES;
				CLANG_WARN_CONSTANT_CONVERSION = YES;
				CLANG_WARN_DIRECT_OBJC_ISA_USAGE = YES_ERROR;
				CLANG_WARN_EMPTY_BODY = YES;
				CLANG_WARN_ENUM_CONVERSION = YES;
				CLANG_WARN_INT_CONVERSION = YES;
				CLANG_WARN_OBJC_ROOT_CLASS = YES_ERROR;
				CLANG_WARN_UNREACHABLE_CODE = YES;
				CLANG_WARN__DUPLICATE_METHOD_MATCH = YES;
				"CODE_SIGN_IDENTITY[sdk=iphoneos*]" = "iPhone Developer";
				COPY_PHASE_STRIP = NO;
				DEBUG_INFORMATION_FORMAT = "dwarf-with-dsym";
				ENABLE_NS_ASSERTIONS = NO;
				ENABLE_STRICT_OBJC_MSGSEND = YES;
				GCC_C_LANGUAGE_STANDARD = gnu99;
				GCC_NO_COMMON_BLOCKS = YES;
				GCC_WARN_64_TO_32_BIT_CONVERSION = YES;
				GCC_WARN_ABOUT_RETURN_TYPE = YES_ERROR;
				GCC_WARN_UNDECLARED_SELECTOR = YES;
				GCC_WARN_UNINITIALIZED_AUTOS = YES_AGGRESSIVE;
				GCC_WARN_UNUSED_FUNCTION = YES;
				GCC_WARN_UNUSED_VARIABLE = YES;
				IPHONEOS_DEPLOYMENT_TARGET = 8.4;
				MTL_ENABLE_DEBUG_INFO = NO;
				SDKROOT = iphoneos;
				TARGETED_DEVICE_FAMILY = "1,2";
				VALIDATE_PRODUCT = YES;
			};
			name = Release;
		};
		8F1368F81B961EE6002BD3A3 /* Debug */ = {
			isa = XCBuildConfiguration;
			buildSettings = {
				ASSETCATALOG_COMPILER_APPICON_NAME = AppIcon;
				INFOPLIST_FILE = Marshrutka/Info.plist;
				IPHONEOS_DEPLOYMENT_TARGET = 7.0;
				LD_RUNPATH_SEARCH_PATHS = "$(inherited) @executable_path/Frameworks";
				PRODUCT_NAME = "$(TARGET_NAME)";
			};
			name = Debug;
		};
		8F1368F91B961EE6002BD3A3 /* Release */ = {
			isa = XCBuildConfiguration;
			buildSettings = {
				ASSETCATALOG_COMPILER_APPICON_NAME = AppIcon;
				INFOPLIST_FILE = Marshrutka/Info.plist;
				IPHONEOS_DEPLOYMENT_TARGET = 7.0;
				LD_RUNPATH_SEARCH_PATHS = "$(inherited) @executable_path/Frameworks";
				PRODUCT_NAME = "$(TARGET_NAME)";
			};
			name = Release;
		};
		8F1368FB1B961EE6002BD3A3 /* Debug */ = {
			isa = XCBuildConfiguration;
			buildSettings = {
				BUNDLE_LOADER = "$(TEST_HOST)";
				FRAMEWORK_SEARCH_PATHS = (
					"$(SDKROOT)/Developer/Library/Frameworks",
					"$(inherited)",
				);
				GCC_PREPROCESSOR_DEFINITIONS = (
					"DEBUG=1",
					"$(inherited)",
				);
				INFOPLIST_FILE = MarshrutkaTests/Info.plist;
				LD_RUNPATH_SEARCH_PATHS = "$(inherited) @executable_path/Frameworks @loader_path/Frameworks";
				PRODUCT_NAME = "$(TARGET_NAME)";
				TEST_HOST = "$(BUILT_PRODUCTS_DIR)/Marshrutka.app/Marshrutka";
			};
			name = Debug;
		};
		8F1368FC1B961EE6002BD3A3 /* Release */ = {
			isa = XCBuildConfiguration;
			buildSettings = {
				BUNDLE_LOADER = "$(TEST_HOST)";
				FRAMEWORK_SEARCH_PATHS = (
					"$(SDKROOT)/Developer/Library/Frameworks",
					"$(inherited)",
				);
				INFOPLIST_FILE = MarshrutkaTests/Info.plist;
				LD_RUNPATH_SEARCH_PATHS = "$(inherited) @executable_path/Frameworks @loader_path/Frameworks";
				PRODUCT_NAME = "$(TARGET_NAME)";
				TEST_HOST = "$(BUILT_PRODUCTS_DIR)/Marshrutka.app/Marshrutka";
			};
			name = Release;
		};
/* End XCBuildConfiguration section */

/* Begin XCConfigurationList section */
		8F1368D31B961EE6002BD3A3 /* Build configuration list for PBXProject "Marshrutka" */ = {
			isa = XCConfigurationList;
			buildConfigurations = (
				8F1368F51B961EE6002BD3A3 /* Debug */,
				8F1368F61B961EE6002BD3A3 /* Release */,
			);
			defaultConfigurationIsVisible = 0;
			defaultConfigurationName = Release;
		};
		8F1368F71B961EE6002BD3A3 /* Build configuration list for PBXNativeTarget "Marshrutka" */ = {
			isa = XCConfigurationList;
			buildConfigurations = (
				8F1368F81B961EE6002BD3A3 /* Debug */,
				8F1368F91B961EE6002BD3A3 /* Release */,
			);
			defaultConfigurationIsVisible = 0;
			defaultConfigurationName = Release;
		};
		8F1368FA1B961EE6002BD3A3 /* Build configuration list for PBXNativeTarget "MarshrutkaTests" */ = {
			isa = XCConfigurationList;
			buildConfigurations = (
				8F1368FB1B961EE6002BD3A3 /* Debug */,
				8F1368FC1B961EE6002BD3A3 /* Release */,
			);
			defaultConfigurationIsVisible = 0;
			defaultConfigurationName = Release;
		};
/* End XCConfigurationList section */
	};
	rootObject = 8F1368D01B961EE6002BD3A3 /* Project object */;
}
